
Microsoft Visual Studio Solution File, Format Version 12.00
# Visual Studio Version 17
VisualStudioVersion = 17.3.32819.101
MinimumVisualStudioVersion = 10.0.40219.1
Project("{2150E333-8FDC-42A3-9474-1A3956D46DE8}") = "CodeRunManager", "CodeRunManager", "{C0D71421-381F-4510-BE01-E11FCB6A368A}"
EndProject
Project("{2150E333-8FDC-42A3-9474-1A3956D46DE8}") = "BuildAndCompilationInfrastructure", "BuildAndCompilationInfrastructure", "{913D9432-EB61-4E3D-AB8F-65EE2334C43B}"
EndProject
Project("{2150E333-8FDC-42A3-9474-1A3956D46DE8}") = "CodeProblemAssistant", "CodeProblemAssistant", "{23B4219F-3B60-4215-8B97-E2DBE14B4ACF}"
EndProject
Project("{9A19103F-16F7-4668-BE54-9A1E7A4F7556}") = "Shared.Core", "Shared.Core\Shared.Core.csproj", "{9388EE63-FC39-4295-A49D-74C308DDC985}"
EndProject
Project("{9A19103F-16F7-4668-BE54-9A1E7A4F7556}") = "CodeProblemAssistant.Contract", "CodeProblemAssistant.Contract\CodeProblemAssistant.Contract.csproj", "{08047157-34DB-4388-95C4-DAE00EF1F2C2}"
EndProject
Project("{2150E333-8FDC-42A3-9474-1A3956D46DE8}") = "Gateway", "Gateway", "{AEB28ED1-F706-48FF-8569-818CC91638E7}"
EndProject
Project("{9A19103F-16F7-4668-BE54-9A1E7A4F7556}") = "Gateway.Api", "Gateway.Api\Gateway.Api.csproj", "{8E0A04AF-5E47-4C35-94A0-9F6C31ABF6D1}"
EndProject
Project("{9A19103F-16F7-4668-BE54-9A1E7A4F7556}") = "Gateway.Contact", "Gateway.Contact\Gateway.Contact.csproj", "{646CCFAF-A2C7-499A-B4D1-F5AD60C30817}"
EndProject
Project("{2150E333-8FDC-42A3-9474-1A3956D46DE8}") = "AccountManager", "AccountManager", "{E43F1B4E-1B15-48E3-9F6C-C5773FFE3EAF}"
EndProject
Project("{9A19103F-16F7-4668-BE54-9A1E7A4F7556}") = "AccountManager.Contract", "AccountManager.Contract\AccountManager.Contract.csproj", "{F38CC58E-3FA8-4AD2-A219-1E3C3072F306}"
EndProject
Project("{9A19103F-16F7-4668-BE54-9A1E7A4F7556}") = "CodeProblemAssistant.Api", "CodeProblemAssistant.Api\CodeProblemAssistant.Api.csproj", "{B6AB4839-4DEE-4D22-B283-F4FF5F297916}"
EndProject
Project("{9A19103F-16F7-4668-BE54-9A1E7A4F7556}") = "CodeProblemAssistant.Data", "CodeProblemAssistant.Data\CodeProblemAssistant.Data.csproj", "{C6C2E7A2-5552-4668-80AF-4AFC73F612AF}"
EndProject
Project("{9A19103F-16F7-4668-BE54-9A1E7A4F7556}") = "CodeRunManager.Api", "CodeRunManager.Api\CodeRunManager.Api.csproj", "{83A35799-7580-45E0-9898-6B521D2BACF9}"
EndProject
Project("{9A19103F-16F7-4668-BE54-9A1E7A4F7556}") = "CodeRunManager.Data", "CodeRunManager.Data\CodeRunManager.Data.csproj", "{CE7C096A-6D24-4AAB-AC19-72059CD1277D}"
EndProject
Project("{9A19103F-16F7-4668-BE54-9A1E7A4F7556}") = "CodeRunManager.Contract", "CodeRunManager.Contract\CodeRunManager.Contract.csproj", "{C317E832-5F92-4C92-BBD5-3621E5E4E186}"
EndProject
Project("{9A19103F-16F7-4668-BE54-9A1E7A4F7556}") = "AccountManager.Data", "AccountManager.Data\AccountManager.Data.csproj", "{56E49ECC-DD07-4CAB-BD9A-674E0447B486}"
EndProject
Project("{9A19103F-16F7-4668-BE54-9A1E7A4F7556}") = "AccountManager.Api", "AccountManager.Api\AccountManager.Api.csproj", "{E7056503-ED17-4EA2-8992-D00A7B63FAB7}"
EndProject
Project("{2150E333-8FDC-42A3-9474-1A3956D46DE8}") = "CPP", "CPP", "{51DE008F-6F5E-4C87-8497-F118E084AF65}"
EndProject
Project("{9A19103F-16F7-4668-BE54-9A1E7A4F7556}") = "InternalTypes", "InternalTypes\InternalTypes.csproj", "{E1116A4A-DEE7-4668-A5ED-045570077999}"
EndProject
Project("{9A19103F-16F7-4668-BE54-9A1E7A4F7556}") = "TestCases", "TestCases\TestCases.csproj", "{56918C98-85D6-4E43-AAC6-C7043D6B9FAF}"
EndProject
Project("{8BC9CEB8-8B4A-11D0-8D11-00A0C91BC942}") = "Cpp.TestFramework", "CppTestFramework\CppTestFramework.vcxproj", "{929262D3-72EF-49ED-8047-A6C6029AC5CD}"
EndProject
Project("{9A19103F-16F7-4668-BE54-9A1E7A4F7556}") = "WorkerService.SolutionValidator", "WorkerService.Stager\WorkerService.SolutionValidator.csproj", "{1247BA08-53ED-4E5A-8DF8-8B2E01EAF845}"
EndProject
Project("{9A19103F-16F7-4668-BE54-9A1E7A4F7556}") = "Mongo.Data", "Mongo.Data\Mongo.Data.csproj", "{5FE8A03E-5265-4715-A5B5-F4DF580E1ABD}"
EndProject
Project("{9A19103F-16F7-4668-BE54-9A1E7A4F7556}") = "CodeProblemPatcher", "CodeProblemPatcher\CodeProblemPatcher.csproj", "{80C62610-8A9C-4DBF-9E42-78AC7002A8FE}"
EndProject
Project("{9A19103F-16F7-4668-BE54-9A1E7A4F7556}") = "FileScopeProvider", "FileScopeProvider\FileScopeProvider.csproj", "{CFAE2670-B94B-40E5-9DD8-0771F0468897}"
EndProject
Project("{9A19103F-16F7-4668-BE54-9A1E7A4F7556}") = "SolutionValidator.Cs", "SolutionValidator.Cs\SolutionValidator.Cs.csproj", "{466AD0C9-4CAB-4E24-951C-60C6CFA0BA67}"
EndProject
Project("{2150E333-8FDC-42A3-9474-1A3956D46DE8}") = "SolutionValidators", "SolutionValidators", "{071C846F-6F18-4FA2-8646-7CECE7C60560}"
EndProject
Project("{9A19103F-16F7-4668-BE54-9A1E7A4F7556}") = "SolutionValidators.Core", "SolutionValidators.Core\SolutionValidators.Core.csproj", "{5D6BC005-EF18-4E6C-8B51-9D4D57BA8AF1}"
EndProject
Project("{9A19103F-16F7-4668-BE54-9A1E7A4F7556}") = "SolutionValidator.Cpp", "SolutionValidator.Cpp\SolutionValidator.Cpp.csproj", "{12CAFCAD-9DDE-42F5-9326-472952E0A8AC}"
EndProject
Project("{9A19103F-16F7-4668-BE54-9A1E7A4F7556}") = "SolutionValidator.Python", "SolutionValidator.Python\SolutionValidator.Python.csproj", "{EF35E361-B46E-4F8C-BE4A-7D9087E540B5}"
EndProject
Project("{9A19103F-16F7-4668-BE54-9A1E7A4F7556}") = "SolutionValidator.Cpp.Tests", "SolutionValidator.Cpp.Tests\SolutionValidator.Cpp.Tests.csproj", "{83BAA1A7-A95B-4787-8329-180CF6A1C6DD}"
EndProject
Project("{FAE04EC0-301F-11D3-BF4B-00C04F79EFBC}") = "SolutionValidator.Cs.Tests", "CsSolutionValidator.Tests\SolutionValidator.Cs.Tests.csproj", "{A5FD5BDC-F69D-4342-A5FF-B2A03EDF0973}"
EndProject
Project("{FAE04EC0-301F-11D3-BF4B-00C04F79EFBC}") = "SolutionValidator.Python.Tests", "SolutionValidator.Python.Tests\SolutionValidator.Python.Tests.csproj", "{6DB943D5-BC99-4E2F-9CC2-E4891A397EAA}"
EndProject
Global
	GlobalSection(SolutionConfigurationPlatforms) = preSolution
		Debug|Any CPU = Debug|Any CPU
		Debug|x64 = Debug|x64
		Debug|x86 = Debug|x86
		Release|Any CPU = Release|Any CPU
		Release|x64 = Release|x64
		Release|x86 = Release|x86
	EndGlobalSection
	GlobalSection(ProjectConfigurationPlatforms) = postSolution
		{9388EE63-FC39-4295-A49D-74C308DDC985}.Debug|Any CPU.ActiveCfg = Debug|Any CPU
		{9388EE63-FC39-4295-A49D-74C308DDC985}.Debug|Any CPU.Build.0 = Debug|Any CPU
		{9388EE63-FC39-4295-A49D-74C308DDC985}.Debug|x64.ActiveCfg = Debug|Any CPU
		{9388EE63-FC39-4295-A49D-74C308DDC985}.Debug|x64.Build.0 = Debug|Any CPU
		{9388EE63-FC39-4295-A49D-74C308DDC985}.Debug|x86.ActiveCfg = Debug|Any CPU
		{9388EE63-FC39-4295-A49D-74C308DDC985}.Debug|x86.Build.0 = Debug|Any CPU
		{9388EE63-FC39-4295-A49D-74C308DDC985}.Release|Any CPU.ActiveCfg = Release|Any CPU
		{9388EE63-FC39-4295-A49D-74C308DDC985}.Release|Any CPU.Build.0 = Release|Any CPU
		{9388EE63-FC39-4295-A49D-74C308DDC985}.Release|x64.ActiveCfg = Release|Any CPU
		{9388EE63-FC39-4295-A49D-74C308DDC985}.Release|x64.Build.0 = Release|Any CPU
		{9388EE63-FC39-4295-A49D-74C308DDC985}.Release|x86.ActiveCfg = Release|Any CPU
		{9388EE63-FC39-4295-A49D-74C308DDC985}.Release|x86.Build.0 = Release|Any CPU
		{08047157-34DB-4388-95C4-DAE00EF1F2C2}.Debug|Any CPU.ActiveCfg = Debug|Any CPU
		{08047157-34DB-4388-95C4-DAE00EF1F2C2}.Debug|Any CPU.Build.0 = Debug|Any CPU
		{08047157-34DB-4388-95C4-DAE00EF1F2C2}.Debug|x64.ActiveCfg = Debug|Any CPU
		{08047157-34DB-4388-95C4-DAE00EF1F2C2}.Debug|x64.Build.0 = Debug|Any CPU
		{08047157-34DB-4388-95C4-DAE00EF1F2C2}.Debug|x86.ActiveCfg = Debug|Any CPU
		{08047157-34DB-4388-95C4-DAE00EF1F2C2}.Debug|x86.Build.0 = Debug|Any CPU
		{08047157-34DB-4388-95C4-DAE00EF1F2C2}.Release|Any CPU.ActiveCfg = Release|Any CPU
		{08047157-34DB-4388-95C4-DAE00EF1F2C2}.Release|Any CPU.Build.0 = Release|Any CPU
		{08047157-34DB-4388-95C4-DAE00EF1F2C2}.Release|x64.ActiveCfg = Release|Any CPU
		{08047157-34DB-4388-95C4-DAE00EF1F2C2}.Release|x64.Build.0 = Release|Any CPU
		{08047157-34DB-4388-95C4-DAE00EF1F2C2}.Release|x86.ActiveCfg = Release|Any CPU
		{08047157-34DB-4388-95C4-DAE00EF1F2C2}.Release|x86.Build.0 = Release|Any CPU
		{8E0A04AF-5E47-4C35-94A0-9F6C31ABF6D1}.Debug|Any CPU.ActiveCfg = Debug|Any CPU
		{8E0A04AF-5E47-4C35-94A0-9F6C31ABF6D1}.Debug|Any CPU.Build.0 = Debug|Any CPU
		{8E0A04AF-5E47-4C35-94A0-9F6C31ABF6D1}.Debug|x64.ActiveCfg = Debug|Any CPU
		{8E0A04AF-5E47-4C35-94A0-9F6C31ABF6D1}.Debug|x64.Build.0 = Debug|Any CPU
		{8E0A04AF-5E47-4C35-94A0-9F6C31ABF6D1}.Debug|x86.ActiveCfg = Debug|Any CPU
		{8E0A04AF-5E47-4C35-94A0-9F6C31ABF6D1}.Debug|x86.Build.0 = Debug|Any CPU
		{8E0A04AF-5E47-4C35-94A0-9F6C31ABF6D1}.Release|Any CPU.ActiveCfg = Release|Any CPU
		{8E0A04AF-5E47-4C35-94A0-9F6C31ABF6D1}.Release|Any CPU.Build.0 = Release|Any CPU
		{8E0A04AF-5E47-4C35-94A0-9F6C31ABF6D1}.Release|x64.ActiveCfg = Release|Any CPU
		{8E0A04AF-5E47-4C35-94A0-9F6C31ABF6D1}.Release|x64.Build.0 = Release|Any CPU
		{8E0A04AF-5E47-4C35-94A0-9F6C31ABF6D1}.Release|x86.ActiveCfg = Release|Any CPU
		{8E0A04AF-5E47-4C35-94A0-9F6C31ABF6D1}.Release|x86.Build.0 = Release|Any CPU
		{646CCFAF-A2C7-499A-B4D1-F5AD60C30817}.Debug|Any CPU.ActiveCfg = Debug|Any CPU
		{646CCFAF-A2C7-499A-B4D1-F5AD60C30817}.Debug|Any CPU.Build.0 = Debug|Any CPU
		{646CCFAF-A2C7-499A-B4D1-F5AD60C30817}.Debug|x64.ActiveCfg = Debug|Any CPU
		{646CCFAF-A2C7-499A-B4D1-F5AD60C30817}.Debug|x64.Build.0 = Debug|Any CPU
		{646CCFAF-A2C7-499A-B4D1-F5AD60C30817}.Debug|x86.ActiveCfg = Debug|Any CPU
		{646CCFAF-A2C7-499A-B4D1-F5AD60C30817}.Debug|x86.Build.0 = Debug|Any CPU
		{646CCFAF-A2C7-499A-B4D1-F5AD60C30817}.Release|Any CPU.ActiveCfg = Release|Any CPU
		{646CCFAF-A2C7-499A-B4D1-F5AD60C30817}.Release|Any CPU.Build.0 = Release|Any CPU
		{646CCFAF-A2C7-499A-B4D1-F5AD60C30817}.Release|x64.ActiveCfg = Release|Any CPU
		{646CCFAF-A2C7-499A-B4D1-F5AD60C30817}.Release|x64.Build.0 = Release|Any CPU
		{646CCFAF-A2C7-499A-B4D1-F5AD60C30817}.Release|x86.ActiveCfg = Release|Any CPU
		{646CCFAF-A2C7-499A-B4D1-F5AD60C30817}.Release|x86.Build.0 = Release|Any CPU
		{F38CC58E-3FA8-4AD2-A219-1E3C3072F306}.Debug|Any CPU.ActiveCfg = Debug|Any CPU
		{F38CC58E-3FA8-4AD2-A219-1E3C3072F306}.Debug|Any CPU.Build.0 = Debug|Any CPU
		{F38CC58E-3FA8-4AD2-A219-1E3C3072F306}.Debug|x64.ActiveCfg = Debug|Any CPU
		{F38CC58E-3FA8-4AD2-A219-1E3C3072F306}.Debug|x64.Build.0 = Debug|Any CPU
		{F38CC58E-3FA8-4AD2-A219-1E3C3072F306}.Debug|x86.ActiveCfg = Debug|Any CPU
		{F38CC58E-3FA8-4AD2-A219-1E3C3072F306}.Debug|x86.Build.0 = Debug|Any CPU
		{F38CC58E-3FA8-4AD2-A219-1E3C3072F306}.Release|Any CPU.ActiveCfg = Release|Any CPU
		{F38CC58E-3FA8-4AD2-A219-1E3C3072F306}.Release|Any CPU.Build.0 = Release|Any CPU
		{F38CC58E-3FA8-4AD2-A219-1E3C3072F306}.Release|x64.ActiveCfg = Release|Any CPU
		{F38CC58E-3FA8-4AD2-A219-1E3C3072F306}.Release|x64.Build.0 = Release|Any CPU
		{F38CC58E-3FA8-4AD2-A219-1E3C3072F306}.Release|x86.ActiveCfg = Release|Any CPU
		{F38CC58E-3FA8-4AD2-A219-1E3C3072F306}.Release|x86.Build.0 = Release|Any CPU
		{B6AB4839-4DEE-4D22-B283-F4FF5F297916}.Debug|Any CPU.ActiveCfg = Debug|Any CPU
		{B6AB4839-4DEE-4D22-B283-F4FF5F297916}.Debug|Any CPU.Build.0 = Debug|Any CPU
		{B6AB4839-4DEE-4D22-B283-F4FF5F297916}.Debug|x64.ActiveCfg = Debug|Any CPU
		{B6AB4839-4DEE-4D22-B283-F4FF5F297916}.Debug|x64.Build.0 = Debug|Any CPU
		{B6AB4839-4DEE-4D22-B283-F4FF5F297916}.Debug|x86.ActiveCfg = Debug|Any CPU
		{B6AB4839-4DEE-4D22-B283-F4FF5F297916}.Debug|x86.Build.0 = Debug|Any CPU
		{B6AB4839-4DEE-4D22-B283-F4FF5F297916}.Release|Any CPU.ActiveCfg = Release|Any CPU
		{B6AB4839-4DEE-4D22-B283-F4FF5F297916}.Release|Any CPU.Build.0 = Release|Any CPU
		{B6AB4839-4DEE-4D22-B283-F4FF5F297916}.Release|x64.ActiveCfg = Release|Any CPU
		{B6AB4839-4DEE-4D22-B283-F4FF5F297916}.Release|x64.Build.0 = Release|Any CPU
		{B6AB4839-4DEE-4D22-B283-F4FF5F297916}.Release|x86.ActiveCfg = Release|Any CPU
		{B6AB4839-4DEE-4D22-B283-F4FF5F297916}.Release|x86.Build.0 = Release|Any CPU
		{C6C2E7A2-5552-4668-80AF-4AFC73F612AF}.Debug|Any CPU.ActiveCfg = Debug|Any CPU
		{C6C2E7A2-5552-4668-80AF-4AFC73F612AF}.Debug|Any CPU.Build.0 = Debug|Any CPU
		{C6C2E7A2-5552-4668-80AF-4AFC73F612AF}.Debug|x64.ActiveCfg = Debug|Any CPU
		{C6C2E7A2-5552-4668-80AF-4AFC73F612AF}.Debug|x64.Build.0 = Debug|Any CPU
		{C6C2E7A2-5552-4668-80AF-4AFC73F612AF}.Debug|x86.ActiveCfg = Debug|Any CPU
		{C6C2E7A2-5552-4668-80AF-4AFC73F612AF}.Debug|x86.Build.0 = Debug|Any CPU
		{C6C2E7A2-5552-4668-80AF-4AFC73F612AF}.Release|Any CPU.ActiveCfg = Release|Any CPU
		{C6C2E7A2-5552-4668-80AF-4AFC73F612AF}.Release|Any CPU.Build.0 = Release|Any CPU
		{C6C2E7A2-5552-4668-80AF-4AFC73F612AF}.Release|x64.ActiveCfg = Release|Any CPU
		{C6C2E7A2-5552-4668-80AF-4AFC73F612AF}.Release|x64.Build.0 = Release|Any CPU
		{C6C2E7A2-5552-4668-80AF-4AFC73F612AF}.Release|x86.ActiveCfg = Release|Any CPU
		{C6C2E7A2-5552-4668-80AF-4AFC73F612AF}.Release|x86.Build.0 = Release|Any CPU
		{83A35799-7580-45E0-9898-6B521D2BACF9}.Debug|Any CPU.ActiveCfg = Debug|Any CPU
		{83A35799-7580-45E0-9898-6B521D2BACF9}.Debug|Any CPU.Build.0 = Debug|Any CPU
		{83A35799-7580-45E0-9898-6B521D2BACF9}.Debug|x64.ActiveCfg = Debug|Any CPU
		{83A35799-7580-45E0-9898-6B521D2BACF9}.Debug|x64.Build.0 = Debug|Any CPU
		{83A35799-7580-45E0-9898-6B521D2BACF9}.Debug|x86.ActiveCfg = Debug|Any CPU
		{83A35799-7580-45E0-9898-6B521D2BACF9}.Debug|x86.Build.0 = Debug|Any CPU
		{83A35799-7580-45E0-9898-6B521D2BACF9}.Release|Any CPU.ActiveCfg = Release|Any CPU
		{83A35799-7580-45E0-9898-6B521D2BACF9}.Release|Any CPU.Build.0 = Release|Any CPU
		{83A35799-7580-45E0-9898-6B521D2BACF9}.Release|x64.ActiveCfg = Release|Any CPU
		{83A35799-7580-45E0-9898-6B521D2BACF9}.Release|x64.Build.0 = Release|Any CPU
		{83A35799-7580-45E0-9898-6B521D2BACF9}.Release|x86.ActiveCfg = Release|Any CPU
		{83A35799-7580-45E0-9898-6B521D2BACF9}.Release|x86.Build.0 = Release|Any CPU
		{CE7C096A-6D24-4AAB-AC19-72059CD1277D}.Debug|Any CPU.ActiveCfg = Debug|Any CPU
		{CE7C096A-6D24-4AAB-AC19-72059CD1277D}.Debug|Any CPU.Build.0 = Debug|Any CPU
		{CE7C096A-6D24-4AAB-AC19-72059CD1277D}.Debug|x64.ActiveCfg = Debug|Any CPU
		{CE7C096A-6D24-4AAB-AC19-72059CD1277D}.Debug|x64.Build.0 = Debug|Any CPU
		{CE7C096A-6D24-4AAB-AC19-72059CD1277D}.Debug|x86.ActiveCfg = Debug|Any CPU
		{CE7C096A-6D24-4AAB-AC19-72059CD1277D}.Debug|x86.Build.0 = Debug|Any CPU
		{CE7C096A-6D24-4AAB-AC19-72059CD1277D}.Release|Any CPU.ActiveCfg = Release|Any CPU
		{CE7C096A-6D24-4AAB-AC19-72059CD1277D}.Release|Any CPU.Build.0 = Release|Any CPU
		{CE7C096A-6D24-4AAB-AC19-72059CD1277D}.Release|x64.ActiveCfg = Release|Any CPU
		{CE7C096A-6D24-4AAB-AC19-72059CD1277D}.Release|x64.Build.0 = Release|Any CPU
		{CE7C096A-6D24-4AAB-AC19-72059CD1277D}.Release|x86.ActiveCfg = Release|Any CPU
		{CE7C096A-6D24-4AAB-AC19-72059CD1277D}.Release|x86.Build.0 = Release|Any CPU
		{C317E832-5F92-4C92-BBD5-3621E5E4E186}.Debug|Any CPU.ActiveCfg = Debug|Any CPU
		{C317E832-5F92-4C92-BBD5-3621E5E4E186}.Debug|Any CPU.Build.0 = Debug|Any CPU
		{C317E832-5F92-4C92-BBD5-3621E5E4E186}.Debug|x64.ActiveCfg = Debug|Any CPU
		{C317E832-5F92-4C92-BBD5-3621E5E4E186}.Debug|x64.Build.0 = Debug|Any CPU
		{C317E832-5F92-4C92-BBD5-3621E5E4E186}.Debug|x86.ActiveCfg = Debug|Any CPU
		{C317E832-5F92-4C92-BBD5-3621E5E4E186}.Debug|x86.Build.0 = Debug|Any CPU
		{C317E832-5F92-4C92-BBD5-3621E5E4E186}.Release|Any CPU.ActiveCfg = Release|Any CPU
		{C317E832-5F92-4C92-BBD5-3621E5E4E186}.Release|Any CPU.Build.0 = Release|Any CPU
		{C317E832-5F92-4C92-BBD5-3621E5E4E186}.Release|x64.ActiveCfg = Release|Any CPU
		{C317E832-5F92-4C92-BBD5-3621E5E4E186}.Release|x64.Build.0 = Release|Any CPU
		{C317E832-5F92-4C92-BBD5-3621E5E4E186}.Release|x86.ActiveCfg = Release|Any CPU
		{C317E832-5F92-4C92-BBD5-3621E5E4E186}.Release|x86.Build.0 = Release|Any CPU
		{56E49ECC-DD07-4CAB-BD9A-674E0447B486}.Debug|Any CPU.ActiveCfg = Debug|Any CPU
		{56E49ECC-DD07-4CAB-BD9A-674E0447B486}.Debug|Any CPU.Build.0 = Debug|Any CPU
		{56E49ECC-DD07-4CAB-BD9A-674E0447B486}.Debug|x64.ActiveCfg = Debug|Any CPU
		{56E49ECC-DD07-4CAB-BD9A-674E0447B486}.Debug|x64.Build.0 = Debug|Any CPU
		{56E49ECC-DD07-4CAB-BD9A-674E0447B486}.Debug|x86.ActiveCfg = Debug|Any CPU
		{56E49ECC-DD07-4CAB-BD9A-674E0447B486}.Debug|x86.Build.0 = Debug|Any CPU
		{56E49ECC-DD07-4CAB-BD9A-674E0447B486}.Release|Any CPU.ActiveCfg = Release|Any CPU
		{56E49ECC-DD07-4CAB-BD9A-674E0447B486}.Release|Any CPU.Build.0 = Release|Any CPU
		{56E49ECC-DD07-4CAB-BD9A-674E0447B486}.Release|x64.ActiveCfg = Release|Any CPU
		{56E49ECC-DD07-4CAB-BD9A-674E0447B486}.Release|x64.Build.0 = Release|Any CPU
		{56E49ECC-DD07-4CAB-BD9A-674E0447B486}.Release|x86.ActiveCfg = Release|Any CPU
		{56E49ECC-DD07-4CAB-BD9A-674E0447B486}.Release|x86.Build.0 = Release|Any CPU
		{E7056503-ED17-4EA2-8992-D00A7B63FAB7}.Debug|Any CPU.ActiveCfg = Debug|Any CPU
		{E7056503-ED17-4EA2-8992-D00A7B63FAB7}.Debug|Any CPU.Build.0 = Debug|Any CPU
		{E7056503-ED17-4EA2-8992-D00A7B63FAB7}.Debug|x64.ActiveCfg = Debug|Any CPU
		{E7056503-ED17-4EA2-8992-D00A7B63FAB7}.Debug|x64.Build.0 = Debug|Any CPU
		{E7056503-ED17-4EA2-8992-D00A7B63FAB7}.Debug|x86.ActiveCfg = Debug|Any CPU
		{E7056503-ED17-4EA2-8992-D00A7B63FAB7}.Debug|x86.Build.0 = Debug|Any CPU
		{E7056503-ED17-4EA2-8992-D00A7B63FAB7}.Release|Any CPU.ActiveCfg = Release|Any CPU
		{E7056503-ED17-4EA2-8992-D00A7B63FAB7}.Release|Any CPU.Build.0 = Release|Any CPU
		{E7056503-ED17-4EA2-8992-D00A7B63FAB7}.Release|x64.ActiveCfg = Release|Any CPU
		{E7056503-ED17-4EA2-8992-D00A7B63FAB7}.Release|x64.Build.0 = Release|Any CPU
		{E7056503-ED17-4EA2-8992-D00A7B63FAB7}.Release|x86.ActiveCfg = Release|Any CPU
		{E7056503-ED17-4EA2-8992-D00A7B63FAB7}.Release|x86.Build.0 = Release|Any CPU
		{E1116A4A-DEE7-4668-A5ED-045570077999}.Debug|Any CPU.ActiveCfg = Debug|Any CPU
		{E1116A4A-DEE7-4668-A5ED-045570077999}.Debug|Any CPU.Build.0 = Debug|Any CPU
		{E1116A4A-DEE7-4668-A5ED-045570077999}.Debug|x64.ActiveCfg = Debug|Any CPU
		{E1116A4A-DEE7-4668-A5ED-045570077999}.Debug|x64.Build.0 = Debug|Any CPU
		{E1116A4A-DEE7-4668-A5ED-045570077999}.Debug|x86.ActiveCfg = Debug|Any CPU
		{E1116A4A-DEE7-4668-A5ED-045570077999}.Debug|x86.Build.0 = Debug|Any CPU
		{E1116A4A-DEE7-4668-A5ED-045570077999}.Release|Any CPU.ActiveCfg = Release|Any CPU
		{E1116A4A-DEE7-4668-A5ED-045570077999}.Release|Any CPU.Build.0 = Release|Any CPU
		{E1116A4A-DEE7-4668-A5ED-045570077999}.Release|x64.ActiveCfg = Release|Any CPU
		{E1116A4A-DEE7-4668-A5ED-045570077999}.Release|x64.Build.0 = Release|Any CPU
		{E1116A4A-DEE7-4668-A5ED-045570077999}.Release|x86.ActiveCfg = Release|Any CPU
		{E1116A4A-DEE7-4668-A5ED-045570077999}.Release|x86.Build.0 = Release|Any CPU
		{56918C98-85D6-4E43-AAC6-C7043D6B9FAF}.Debug|Any CPU.ActiveCfg = Debug|Any CPU
		{56918C98-85D6-4E43-AAC6-C7043D6B9FAF}.Debug|Any CPU.Build.0 = Debug|Any CPU
		{56918C98-85D6-4E43-AAC6-C7043D6B9FAF}.Debug|x64.ActiveCfg = Debug|Any CPU
		{56918C98-85D6-4E43-AAC6-C7043D6B9FAF}.Debug|x64.Build.0 = Debug|Any CPU
		{56918C98-85D6-4E43-AAC6-C7043D6B9FAF}.Debug|x86.ActiveCfg = Debug|Any CPU
		{56918C98-85D6-4E43-AAC6-C7043D6B9FAF}.Debug|x86.Build.0 = Debug|Any CPU
		{56918C98-85D6-4E43-AAC6-C7043D6B9FAF}.Release|Any CPU.ActiveCfg = Release|Any CPU
		{56918C98-85D6-4E43-AAC6-C7043D6B9FAF}.Release|Any CPU.Build.0 = Release|Any CPU
		{56918C98-85D6-4E43-AAC6-C7043D6B9FAF}.Release|x64.ActiveCfg = Release|Any CPU
		{56918C98-85D6-4E43-AAC6-C7043D6B9FAF}.Release|x64.Build.0 = Release|Any CPU
		{56918C98-85D6-4E43-AAC6-C7043D6B9FAF}.Release|x86.ActiveCfg = Release|Any CPU
		{56918C98-85D6-4E43-AAC6-C7043D6B9FAF}.Release|x86.Build.0 = Release|Any CPU
		{929262D3-72EF-49ED-8047-A6C6029AC5CD}.Debug|Any CPU.ActiveCfg = Debug|x64
		{929262D3-72EF-49ED-8047-A6C6029AC5CD}.Debug|Any CPU.Build.0 = Debug|x64
		{929262D3-72EF-49ED-8047-A6C6029AC5CD}.Debug|x64.ActiveCfg = Debug|x64
		{929262D3-72EF-49ED-8047-A6C6029AC5CD}.Debug|x64.Build.0 = Debug|x64
		{929262D3-72EF-49ED-8047-A6C6029AC5CD}.Debug|x86.ActiveCfg = Debug|Win32
		{929262D3-72EF-49ED-8047-A6C6029AC5CD}.Debug|x86.Build.0 = Debug|Win32
		{929262D3-72EF-49ED-8047-A6C6029AC5CD}.Release|Any CPU.ActiveCfg = Release|x64
		{929262D3-72EF-49ED-8047-A6C6029AC5CD}.Release|Any CPU.Build.0 = Release|x64
		{929262D3-72EF-49ED-8047-A6C6029AC5CD}.Release|x64.ActiveCfg = Release|x64
		{929262D3-72EF-49ED-8047-A6C6029AC5CD}.Release|x64.Build.0 = Release|x64
		{929262D3-72EF-49ED-8047-A6C6029AC5CD}.Release|x86.ActiveCfg = Release|Win32
		{929262D3-72EF-49ED-8047-A6C6029AC5CD}.Release|x86.Build.0 = Release|Win32
		{1247BA08-53ED-4E5A-8DF8-8B2E01EAF845}.Debug|Any CPU.ActiveCfg = Debug|Any CPU
		{1247BA08-53ED-4E5A-8DF8-8B2E01EAF845}.Debug|Any CPU.Build.0 = Debug|Any CPU
		{1247BA08-53ED-4E5A-8DF8-8B2E01EAF845}.Debug|x64.ActiveCfg = Debug|Any CPU
		{1247BA08-53ED-4E5A-8DF8-8B2E01EAF845}.Debug|x64.Build.0 = Debug|Any CPU
		{1247BA08-53ED-4E5A-8DF8-8B2E01EAF845}.Debug|x86.ActiveCfg = Debug|Any CPU
		{1247BA08-53ED-4E5A-8DF8-8B2E01EAF845}.Debug|x86.Build.0 = Debug|Any CPU
		{1247BA08-53ED-4E5A-8DF8-8B2E01EAF845}.Release|Any CPU.ActiveCfg = Release|Any CPU
		{1247BA08-53ED-4E5A-8DF8-8B2E01EAF845}.Release|Any CPU.Build.0 = Release|Any CPU
		{1247BA08-53ED-4E5A-8DF8-8B2E01EAF845}.Release|x64.ActiveCfg = Release|Any CPU
		{1247BA08-53ED-4E5A-8DF8-8B2E01EAF845}.Release|x64.Build.0 = Release|Any CPU
		{1247BA08-53ED-4E5A-8DF8-8B2E01EAF845}.Release|x86.ActiveCfg = Release|Any CPU
		{1247BA08-53ED-4E5A-8DF8-8B2E01EAF845}.Release|x86.Build.0 = Release|Any CPU
		{5FE8A03E-5265-4715-A5B5-F4DF580E1ABD}.Debug|Any CPU.ActiveCfg = Debug|Any CPU
		{5FE8A03E-5265-4715-A5B5-F4DF580E1ABD}.Debug|Any CPU.Build.0 = Debug|Any CPU
		{5FE8A03E-5265-4715-A5B5-F4DF580E1ABD}.Debug|x64.ActiveCfg = Debug|Any CPU
		{5FE8A03E-5265-4715-A5B5-F4DF580E1ABD}.Debug|x64.Build.0 = Debug|Any CPU
		{5FE8A03E-5265-4715-A5B5-F4DF580E1ABD}.Debug|x86.ActiveCfg = Debug|Any CPU
		{5FE8A03E-5265-4715-A5B5-F4DF580E1ABD}.Debug|x86.Build.0 = Debug|Any CPU
		{5FE8A03E-5265-4715-A5B5-F4DF580E1ABD}.Release|Any CPU.ActiveCfg = Release|Any CPU
		{5FE8A03E-5265-4715-A5B5-F4DF580E1ABD}.Release|Any CPU.Build.0 = Release|Any CPU
		{5FE8A03E-5265-4715-A5B5-F4DF580E1ABD}.Release|x64.ActiveCfg = Release|Any CPU
		{5FE8A03E-5265-4715-A5B5-F4DF580E1ABD}.Release|x64.Build.0 = Release|Any CPU
		{5FE8A03E-5265-4715-A5B5-F4DF580E1ABD}.Release|x86.ActiveCfg = Release|Any CPU
		{5FE8A03E-5265-4715-A5B5-F4DF580E1ABD}.Release|x86.Build.0 = Release|Any CPU
		{80C62610-8A9C-4DBF-9E42-78AC7002A8FE}.Debug|Any CPU.ActiveCfg = Debug|Any CPU
		{80C62610-8A9C-4DBF-9E42-78AC7002A8FE}.Debug|Any CPU.Build.0 = Debug|Any CPU
		{80C62610-8A9C-4DBF-9E42-78AC7002A8FE}.Debug|x64.ActiveCfg = Debug|Any CPU
		{80C62610-8A9C-4DBF-9E42-78AC7002A8FE}.Debug|x64.Build.0 = Debug|Any CPU
		{80C62610-8A9C-4DBF-9E42-78AC7002A8FE}.Debug|x86.ActiveCfg = Debug|Any CPU
		{80C62610-8A9C-4DBF-9E42-78AC7002A8FE}.Debug|x86.Build.0 = Debug|Any CPU
		{80C62610-8A9C-4DBF-9E42-78AC7002A8FE}.Release|Any CPU.ActiveCfg = Release|Any CPU
		{80C62610-8A9C-4DBF-9E42-78AC7002A8FE}.Release|Any CPU.Build.0 = Release|Any CPU
		{80C62610-8A9C-4DBF-9E42-78AC7002A8FE}.Release|x64.ActiveCfg = Release|Any CPU
		{80C62610-8A9C-4DBF-9E42-78AC7002A8FE}.Release|x64.Build.0 = Release|Any CPU
		{80C62610-8A9C-4DBF-9E42-78AC7002A8FE}.Release|x86.ActiveCfg = Release|Any CPU
		{80C62610-8A9C-4DBF-9E42-78AC7002A8FE}.Release|x86.Build.0 = Release|Any CPU
		{CFAE2670-B94B-40E5-9DD8-0771F0468897}.Debug|Any CPU.ActiveCfg = Debug|Any CPU
		{CFAE2670-B94B-40E5-9DD8-0771F0468897}.Debug|Any CPU.Build.0 = Debug|Any CPU
		{CFAE2670-B94B-40E5-9DD8-0771F0468897}.Debug|x64.ActiveCfg = Debug|Any CPU
		{CFAE2670-B94B-40E5-9DD8-0771F0468897}.Debug|x64.Build.0 = Debug|Any CPU
		{CFAE2670-B94B-40E5-9DD8-0771F0468897}.Debug|x86.ActiveCfg = Debug|Any CPU
		{CFAE2670-B94B-40E5-9DD8-0771F0468897}.Debug|x86.Build.0 = Debug|Any CPU
		{CFAE2670-B94B-40E5-9DD8-0771F0468897}.Release|Any CPU.ActiveCfg = Release|Any CPU
		{CFAE2670-B94B-40E5-9DD8-0771F0468897}.Release|Any CPU.Build.0 = Release|Any CPU
		{CFAE2670-B94B-40E5-9DD8-0771F0468897}.Release|x64.ActiveCfg = Release|Any CPU
		{CFAE2670-B94B-40E5-9DD8-0771F0468897}.Release|x64.Build.0 = Release|Any CPU
		{CFAE2670-B94B-40E5-9DD8-0771F0468897}.Release|x86.ActiveCfg = Release|Any CPU
		{CFAE2670-B94B-40E5-9DD8-0771F0468897}.Release|x86.Build.0 = Release|Any CPU
		{466AD0C9-4CAB-4E24-951C-60C6CFA0BA67}.Debug|Any CPU.ActiveCfg = Debug|Any CPU
		{466AD0C9-4CAB-4E24-951C-60C6CFA0BA67}.Debug|Any CPU.Build.0 = Debug|Any CPU
		{466AD0C9-4CAB-4E24-951C-60C6CFA0BA67}.Debug|x64.ActiveCfg = Debug|Any CPU
		{466AD0C9-4CAB-4E24-951C-60C6CFA0BA67}.Debug|x64.Build.0 = Debug|Any CPU
		{466AD0C9-4CAB-4E24-951C-60C6CFA0BA67}.Debug|x86.ActiveCfg = Debug|Any CPU
		{466AD0C9-4CAB-4E24-951C-60C6CFA0BA67}.Debug|x86.Build.0 = Debug|Any CPU
		{466AD0C9-4CAB-4E24-951C-60C6CFA0BA67}.Release|Any CPU.ActiveCfg = Release|Any CPU
		{466AD0C9-4CAB-4E24-951C-60C6CFA0BA67}.Release|Any CPU.Build.0 = Release|Any CPU
		{466AD0C9-4CAB-4E24-951C-60C6CFA0BA67}.Release|x64.ActiveCfg = Release|Any CPU
		{466AD0C9-4CAB-4E24-951C-60C6CFA0BA67}.Release|x64.Build.0 = Release|Any CPU
		{466AD0C9-4CAB-4E24-951C-60C6CFA0BA67}.Release|x86.ActiveCfg = Release|Any CPU
		{466AD0C9-4CAB-4E24-951C-60C6CFA0BA67}.Release|x86.Build.0 = Release|Any CPU
		{5D6BC005-EF18-4E6C-8B51-9D4D57BA8AF1}.Debug|Any CPU.ActiveCfg = Debug|Any CPU
		{5D6BC005-EF18-4E6C-8B51-9D4D57BA8AF1}.Debug|Any CPU.Build.0 = Debug|Any CPU
		{5D6BC005-EF18-4E6C-8B51-9D4D57BA8AF1}.Debug|x64.ActiveCfg = Debug|Any CPU
		{5D6BC005-EF18-4E6C-8B51-9D4D57BA8AF1}.Debug|x64.Build.0 = Debug|Any CPU
		{5D6BC005-EF18-4E6C-8B51-9D4D57BA8AF1}.Debug|x86.ActiveCfg = Debug|Any CPU
		{5D6BC005-EF18-4E6C-8B51-9D4D57BA8AF1}.Debug|x86.Build.0 = Debug|Any CPU
		{5D6BC005-EF18-4E6C-8B51-9D4D57BA8AF1}.Release|Any CPU.ActiveCfg = Release|Any CPU
		{5D6BC005-EF18-4E6C-8B51-9D4D57BA8AF1}.Release|Any CPU.Build.0 = Release|Any CPU
		{5D6BC005-EF18-4E6C-8B51-9D4D57BA8AF1}.Release|x64.ActiveCfg = Release|Any CPU
		{5D6BC005-EF18-4E6C-8B51-9D4D57BA8AF1}.Release|x64.Build.0 = Release|Any CPU
		{5D6BC005-EF18-4E6C-8B51-9D4D57BA8AF1}.Release|x86.ActiveCfg = Release|Any CPU
		{5D6BC005-EF18-4E6C-8B51-9D4D57BA8AF1}.Release|x86.Build.0 = Release|Any CPU
		{12CAFCAD-9DDE-42F5-9326-472952E0A8AC}.Debug|Any CPU.ActiveCfg = Debug|Any CPU
		{12CAFCAD-9DDE-42F5-9326-472952E0A8AC}.Debug|Any CPU.Build.0 = Debug|Any CPU
		{12CAFCAD-9DDE-42F5-9326-472952E0A8AC}.Debug|x64.ActiveCfg = Debug|Any CPU
		{12CAFCAD-9DDE-42F5-9326-472952E0A8AC}.Debug|x64.Build.0 = Debug|Any CPU
		{12CAFCAD-9DDE-42F5-9326-472952E0A8AC}.Debug|x86.ActiveCfg = Debug|Any CPU
		{12CAFCAD-9DDE-42F5-9326-472952E0A8AC}.Debug|x86.Build.0 = Debug|Any CPU
		{12CAFCAD-9DDE-42F5-9326-472952E0A8AC}.Release|Any CPU.ActiveCfg = Release|Any CPU
		{12CAFCAD-9DDE-42F5-9326-472952E0A8AC}.Release|Any CPU.Build.0 = Release|Any CPU
		{12CAFCAD-9DDE-42F5-9326-472952E0A8AC}.Release|x64.ActiveCfg = Release|Any CPU
		{12CAFCAD-9DDE-42F5-9326-472952E0A8AC}.Release|x64.Build.0 = Release|Any CPU
		{12CAFCAD-9DDE-42F5-9326-472952E0A8AC}.Release|x86.ActiveCfg = Release|Any CPU
		{12CAFCAD-9DDE-42F5-9326-472952E0A8AC}.Release|x86.Build.0 = Release|Any CPU
		{EF35E361-B46E-4F8C-BE4A-7D9087E540B5}.Debug|Any CPU.ActiveCfg = Debug|Any CPU
		{EF35E361-B46E-4F8C-BE4A-7D9087E540B5}.Debug|Any CPU.Build.0 = Debug|Any CPU
		{EF35E361-B46E-4F8C-BE4A-7D9087E540B5}.Debug|x64.ActiveCfg = Debug|Any CPU
		{EF35E361-B46E-4F8C-BE4A-7D9087E540B5}.Debug|x64.Build.0 = Debug|Any CPU
		{EF35E361-B46E-4F8C-BE4A-7D9087E540B5}.Debug|x86.ActiveCfg = Debug|Any CPU
		{EF35E361-B46E-4F8C-BE4A-7D9087E540B5}.Debug|x86.Build.0 = Debug|Any CPU
		{EF35E361-B46E-4F8C-BE4A-7D9087E540B5}.Release|Any CPU.ActiveCfg = Release|Any CPU
		{EF35E361-B46E-4F8C-BE4A-7D9087E540B5}.Release|Any CPU.Build.0 = Release|Any CPU
		{EF35E361-B46E-4F8C-BE4A-7D9087E540B5}.Release|x64.ActiveCfg = Release|Any CPU
		{EF35E361-B46E-4F8C-BE4A-7D9087E540B5}.Release|x64.Build.0 = Release|Any CPU
		{EF35E361-B46E-4F8C-BE4A-7D9087E540B5}.Release|x86.ActiveCfg = Release|Any CPU
		{EF35E361-B46E-4F8C-BE4A-7D9087E540B5}.Release|x86.Build.0 = Release|Any CPU
		{83BAA1A7-A95B-4787-8329-180CF6A1C6DD}.Debug|Any CPU.ActiveCfg = Debug|Any CPU
		{83BAA1A7-A95B-4787-8329-180CF6A1C6DD}.Debug|Any CPU.Build.0 = Debug|Any CPU
		{83BAA1A7-A95B-4787-8329-180CF6A1C6DD}.Debug|x64.ActiveCfg = Debug|Any CPU
		{83BAA1A7-A95B-4787-8329-180CF6A1C6DD}.Debug|x64.Build.0 = Debug|Any CPU
		{83BAA1A7-A95B-4787-8329-180CF6A1C6DD}.Debug|x86.ActiveCfg = Debug|Any CPU
		{83BAA1A7-A95B-4787-8329-180CF6A1C6DD}.Debug|x86.Build.0 = Debug|Any CPU
		{83BAA1A7-A95B-4787-8329-180CF6A1C6DD}.Release|Any CPU.ActiveCfg = Release|Any CPU
		{83BAA1A7-A95B-4787-8329-180CF6A1C6DD}.Release|Any CPU.Build.0 = Release|Any CPU
		{83BAA1A7-A95B-4787-8329-180CF6A1C6DD}.Release|x64.ActiveCfg = Release|Any CPU
		{83BAA1A7-A95B-4787-8329-180CF6A1C6DD}.Release|x64.Build.0 = Release|Any CPU
		{83BAA1A7-A95B-4787-8329-180CF6A1C6DD}.Release|x86.ActiveCfg = Release|Any CPU
		{83BAA1A7-A95B-4787-8329-180CF6A1C6DD}.Release|x86.Build.0 = Release|Any CPU
		{A5FD5BDC-F69D-4342-A5FF-B2A03EDF0973}.Debug|Any CPU.ActiveCfg = Debug|Any CPU
		{A5FD5BDC-F69D-4342-A5FF-B2A03EDF0973}.Debug|Any CPU.Build.0 = Debug|Any CPU
		{A5FD5BDC-F69D-4342-A5FF-B2A03EDF0973}.Debug|x64.ActiveCfg = Debug|Any CPU
		{A5FD5BDC-F69D-4342-A5FF-B2A03EDF0973}.Debug|x64.Build.0 = Debug|Any CPU
		{A5FD5BDC-F69D-4342-A5FF-B2A03EDF0973}.Debug|x86.ActiveCfg = Debug|Any CPU
		{A5FD5BDC-F69D-4342-A5FF-B2A03EDF0973}.Debug|x86.Build.0 = Debug|Any CPU
		{A5FD5BDC-F69D-4342-A5FF-B2A03EDF0973}.Release|Any CPU.ActiveCfg = Release|Any CPU
		{A5FD5BDC-F69D-4342-A5FF-B2A03EDF0973}.Release|Any CPU.Build.0 = Release|Any CPU
		{A5FD5BDC-F69D-4342-A5FF-B2A03EDF0973}.Release|x64.ActiveCfg = Release|Any CPU
		{A5FD5BDC-F69D-4342-A5FF-B2A03EDF0973}.Release|x64.Build.0 = Release|Any CPU
		{A5FD5BDC-F69D-4342-A5FF-B2A03EDF0973}.Release|x86.ActiveCfg = Release|Any CPU
		{A5FD5BDC-F69D-4342-A5FF-B2A03EDF0973}.Release|x86.Build.0 = Release|Any CPU
		{6DB943D5-BC99-4E2F-9CC2-E4891A397EAA}.Debug|Any CPU.ActiveCfg = Debug|Any CPU
		{6DB943D5-BC99-4E2F-9CC2-E4891A397EAA}.Debug|Any CPU.Build.0 = Debug|Any CPU
		{6DB943D5-BC99-4E2F-9CC2-E4891A397EAA}.Debug|x64.ActiveCfg = Debug|Any CPU
		{6DB943D5-BC99-4E2F-9CC2-E4891A397EAA}.Debug|x64.Build.0 = Debug|Any CPU
		{6DB943D5-BC99-4E2F-9CC2-E4891A397EAA}.Debug|x86.ActiveCfg = Debug|Any CPU
		{6DB943D5-BC99-4E2F-9CC2-E4891A397EAA}.Debug|x86.Build.0 = Debug|Any CPU
		{6DB943D5-BC99-4E2F-9CC2-E4891A397EAA}.Release|Any CPU.ActiveCfg = Release|Any CPU
		{6DB943D5-BC99-4E2F-9CC2-E4891A397EAA}.Release|Any CPU.Build.0 = Release|Any CPU
		{6DB943D5-BC99-4E2F-9CC2-E4891A397EAA}.Release|x64.ActiveCfg = Release|Any CPU
		{6DB943D5-BC99-4E2F-9CC2-E4891A397EAA}.Release|x64.Build.0 = Release|Any CPU
		{6DB943D5-BC99-4E2F-9CC2-E4891A397EAA}.Release|x86.ActiveCfg = Release|Any CPU
		{6DB943D5-BC99-4E2F-9CC2-E4891A397EAA}.Release|x86.Build.0 = Release|Any CPU
	EndGlobalSection
	GlobalSection(SolutionProperties) = preSolution
		HideSolutionNode = FALSE
	EndGlobalSection
	GlobalSection(NestedProjects) = preSolution
		{08047157-34DB-4388-95C4-DAE00EF1F2C2} = {23B4219F-3B60-4215-8B97-E2DBE14B4ACF}
		{8E0A04AF-5E47-4C35-94A0-9F6C31ABF6D1} = {AEB28ED1-F706-48FF-8569-818CC91638E7}
		{646CCFAF-A2C7-499A-B4D1-F5AD60C30817} = {AEB28ED1-F706-48FF-8569-818CC91638E7}
		{F38CC58E-3FA8-4AD2-A219-1E3C3072F306} = {E43F1B4E-1B15-48E3-9F6C-C5773FFE3EAF}
		{B6AB4839-4DEE-4D22-B283-F4FF5F297916} = {23B4219F-3B60-4215-8B97-E2DBE14B4ACF}
		{C6C2E7A2-5552-4668-80AF-4AFC73F612AF} = {23B4219F-3B60-4215-8B97-E2DBE14B4ACF}
		{83A35799-7580-45E0-9898-6B521D2BACF9} = {C0D71421-381F-4510-BE01-E11FCB6A368A}
		{CE7C096A-6D24-4AAB-AC19-72059CD1277D} = {C0D71421-381F-4510-BE01-E11FCB6A368A}
		{C317E832-5F92-4C92-BBD5-3621E5E4E186} = {C0D71421-381F-4510-BE01-E11FCB6A368A}
		{56E49ECC-DD07-4CAB-BD9A-674E0447B486} = {E43F1B4E-1B15-48E3-9F6C-C5773FFE3EAF}
		{E7056503-ED17-4EA2-8992-D00A7B63FAB7} = {E43F1B4E-1B15-48E3-9F6C-C5773FFE3EAF}
		{51DE008F-6F5E-4C87-8497-F118E084AF65} = {913D9432-EB61-4E3D-AB8F-65EE2334C43B}
		{E1116A4A-DEE7-4668-A5ED-045570077999} = {913D9432-EB61-4E3D-AB8F-65EE2334C43B}
		{56918C98-85D6-4E43-AAC6-C7043D6B9FAF} = {913D9432-EB61-4E3D-AB8F-65EE2334C43B}
		{929262D3-72EF-49ED-8047-A6C6029AC5CD} = {51DE008F-6F5E-4C87-8497-F118E084AF65}
		{466AD0C9-4CAB-4E24-951C-60C6CFA0BA67} = {071C846F-6F18-4FA2-8646-7CECE7C60560}
		{5D6BC005-EF18-4E6C-8B51-9D4D57BA8AF1} = {071C846F-6F18-4FA2-8646-7CECE7C60560}
		{12CAFCAD-9DDE-42F5-9326-472952E0A8AC} = {071C846F-6F18-4FA2-8646-7CECE7C60560}
		{EF35E361-B46E-4F8C-BE4A-7D9087E540B5} = {071C846F-6F18-4FA2-8646-7CECE7C60560}
		{83BAA1A7-A95B-4787-8329-180CF6A1C6DD} = {071C846F-6F18-4FA2-8646-7CECE7C60560}
		{A5FD5BDC-F69D-4342-A5FF-B2A03EDF0973} = {071C846F-6F18-4FA2-8646-7CECE7C60560}
		{6DB943D5-BC99-4E2F-9CC2-E4891A397EAA} = {071C846F-6F18-4FA2-8646-7CECE7C60560}
	EndGlobalSection
	GlobalSection(ExtensibilityGlobals) = postSolution
		SolutionGuid = {108DAB5F-57ED-4CAD-9018-DB40F73C1CA9}
	EndGlobalSection
EndGlobal
